// !$*UTF8*$!
{
	archiveVersion = 1;
	classes = {
	};
	objectVersion = 50;
	objects = {

/* Begin PBXBuildFile section */
		63669C1126554389007483A1 /* AppDelegate.swift in Sources */ = {isa = PBXBuildFile; fileRef = 63669C1026554389007483A1 /* AppDelegate.swift */; };
		63669C1326554389007483A1 /* SceneDelegate.swift in Sources */ = {isa = PBXBuildFile; fileRef = 63669C1226554389007483A1 /* SceneDelegate.swift */; };
		63669C1526554389007483A1 /* ViewController.swift in Sources */ = {isa = PBXBuildFile; fileRef = 63669C1426554389007483A1 /* ViewController.swift */; };
		63669C1826554389007483A1 /* Main.storyboard in Resources */ = {isa = PBXBuildFile; fileRef = 63669C1626554389007483A1 /* Main.storyboard */; };
		63669C1A2655438A007483A1 /* Assets.xcassets in Resources */ = {isa = PBXBuildFile; fileRef = 63669C192655438A007483A1 /* Assets.xcassets */; };
		63669C1D2655438A007483A1 /* LaunchScreen.storyboard in Resources */ = {isa = PBXBuildFile; fileRef = 63669C1B2655438A007483A1 /* LaunchScreen.storyboard */; };
		63669C2526556382007483A1 /* RegisterPageViewController.swift in Sources */ = {isa = PBXBuildFile; fileRef = 63669C2426556382007483A1 /* RegisterPageViewController.swift */; };
		63669C29265574C2007483A1 /* LoginViewController.swift in Sources */ = {isa = PBXBuildFile; fileRef = 63669C28265574C2007483A1 /* LoginViewController.swift */; };
/* End PBXBuildFile section */

/* Begin PBXFileReference section */
		63669C0D26554389007483A1 /* AniMekvabidze15.app */ = {isa = PBXFileReference; explicitFileType = wrapper.application; includeInIndex = 0; path = AniMekvabidze15.app; sourceTree = BUILT_PRODUCTS_DIR; };
		63669C1026554389007483A1 /* AppDelegate.swift */ = {isa = PBXFileReference; lastKnownFileType = sourcecode.swift; path = AppDelegate.swift; sourceTree = "<group>"; };
		63669C1226554389007483A1 /* SceneDelegate.swift */ = {isa = PBXFileReference; lastKnownFileType = sourcecode.swift; path = SceneDelegate.swift; sourceTree = "<group>"; };
		63669C1426554389007483A1 /* ViewController.swift */ = {isa = PBXFileReference; lastKnownFileType = sourcecode.swift; path = ViewController.swift; sourceTree = "<group>"; };
		63669C1726554389007483A1 /* Base */ = {isa = PBXFileReference; lastKnownFileType = file.storyboard; name = Base; path = Base.lproj/Main.storyboard; sourceTree = "<group>"; };
		63669C192655438A007483A1 /* Assets.xcassets */ = {isa = PBXFileReference; lastKnownFileType = folder.assetcatalog; path = Assets.xcassets; sourceTree = "<group>"; };
		63669C1C2655438A007483A1 /* Base */ = {isa = PBXFileReference; lastKnownFileType = file.storyboard; name = Base; path = Base.lproj/LaunchScreen.storyboard; sourceTree = "<group>"; };
		63669C1E2655438A007483A1 /* Info.plist */ = {isa = PBXFileReference; lastKnownFileType = text.plist.xml; path = Info.plist; sourceTree = "<group>"; };
		63669C2426556382007483A1 /* RegisterPageViewController.swift */ = {isa = PBXFileReference; lastKnownFileType = sourcecode.swift; path = RegisterPageViewController.swift; sourceTree = "<group>"; };
		63669C28265574C2007483A1 /* LoginViewController.swift */ = {isa = PBXFileReference; lastKnownFileType = sourcecode.swift; path = LoginViewController.swift; sourceTree = "<group>"; };
/* End PBXFileReference section */

/* Begin PBXFrameworksBuildPhase section */
		63669C0A26554389007483A1 /* Frameworks */ = {
			isa = PBXFrameworksBuildPhase;
			buildActionMask = 2147483647;
			files = (
			);
			runOnlyForDeploymentPostprocessing = 0;
		};
/* End PBXFrameworksBuildPhase section */

/* Begin PBXGroup section */
		63669C0426554389007483A1 = {
			isa = PBXGroup;
			children = (
				63669C0F26554389007483A1 /* AniMekvabidze15 */,
				63669C0E26554389007483A1 /* Products */,
			);
			sourceTree = "<group>";
		};
		63669C0E26554389007483A1 /* Products */ = {
			isa = PBXGroup;
			children = (
				63669C0D26554389007483A1 /* AniMekvabidze15.app */,
			);
			name = Products;
			sourceTree = "<group>";
		};
		63669C0F26554389007483A1 /* AniMekvabidze15 */ = {
			isa = PBXGroup;
			children = (
				63669C27265574A4007483A1 /* loginPage */,
				63669C2626557492007483A1 /* registerPage */,
				63669C1226554389007483A1 /* SceneDelegate.swift */,
				63669C1026554389007483A1 /* AppDelegate.swift */,
				63669C1426554389007483A1 /* ViewController.swift */,
				63669C1626554389007483A1 /* Main.storyboard */,
				63669C192655438A007483A1 /* Assets.xcassets */,
				63669C1B2655438A007483A1 /* LaunchScreen.storyboard */,
				63669C1E2655438A007483A1 /* Info.plist */,
			);
			path = AniMekvabidze15;
			sourceTree = "<group>";
		};
		63669C2626557492007483A1 /* registerPage */ = {
			isa = PBXGroup;
			children = (
				63669C2426556382007483A1 /* RegisterPageViewController.swift */,
			);
			path = registerPage;
			sourceTree = "<group>";
		};
		63669C27265574A4007483A1 /* loginPage */ = {
			isa = PBXGroup;
			children = (
				63669C28265574C2007483A1 /* LoginViewController.swift */,
			);
			path = loginPage;
			sourceTree = "<group>";
		};
/* End PBXGroup section */

/* Begin PBXNativeTarget section */
		63669C0C26554389007483A1 /* AniMekvabidze15 */ = {
			isa = PBXNativeTarget;
			buildConfigurationList = 63669C212655438A007483A1 /* Build configuration list for PBXNativeTarget "AniMekvabidze15" */;
			buildPhases = (
				63669C0926554389007483A1 /* Sources */,
				63669C0A26554389007483A1 /* Frameworks */,
				63669C0B26554389007483A1 /* Resources */,
			);
			buildRules = (
			);
			dependencies = (
			);
			name = AniMekvabidze15;
			productName = AniMekvabidze15;
			productReference = 63669C0D26554389007483A1 /* AniMekvabidze15.app */;
			productType = "com.apple.product-type.application";
		};
/* End PBXNativeTarget section */

/* Begin PBXProject section */
		63669C0526554389007483A1 /* Project object */ = {
			isa = PBXProject;
			attributes = {
				LastSwiftUpdateCheck = 1250;
				LastUpgradeCheck = 1250;
				TargetAttributes = {
					63669C0C26554389007483A1 = {
						CreatedOnToolsVersion = 12.5;
					};
				};
			};
			buildConfigurationList = 63669C0826554389007483A1 /* Build configuration list for PBXProject "AniMekvabidze15" */;
			compatibilityVersion = "Xcode 9.3";
			developmentRegion = en;
			hasScannedForEncodings = 0;
			knownRegions = (
				en,
				Base,
			);
			mainGroup = 63669C0426554389007483A1;
			productRefGroup = 63669C0E26554389007483A1 /* Products */;
			projectDirPath = "";
			projectRoot = "";
			targets = (
				63669C0C26554389007483A1 /* AniMekvabidze15 */,
			);
		};
/* End PBXProject section */

/* Begin PBXResourcesBuildPhase section */
		63669C0B26554389007483A1 /* Resources */ = {
			isa = PBXResourcesBuildPhase;
			buildActionMask = 2147483647;
			files = (
				63669C1D2655438A007483A1 /* LaunchScreen.storyboard in Resources */,
				63669C1A2655438A007483A1 /* Assets.xcassets in Resources */,
				63669C1826554389007483A1 /* Main.storyboard in Resources */,
			);
			runOnlyForDeploymentPostprocessing = 0;
		};
/* End PBXResourcesBuildPhase section */

/* Begin PBXSourcesBuildPhase section */
		63669C0926554389007483A1 /* Sources */ = {
			isa = PBXSourcesBuildPhase;
			buildActionMask = 2147483647;
			files = (
				63669C2526556382007483A1 /* RegisterPageViewController.swift in Sources */,
				63669C1526554389007483A1 /* ViewController.swift in Sources */,
				63669C1126554389007483A1 /* AppDelegate.swift in Sources */,
				63669C29265574C2007483A1 /* LoginViewController.swift in Sources */,
				63669C1326554389007483A1 /* SceneDelegate.swift in Sources */,
			);
			runOnlyForDeploymentPostprocessing = 0;
		};
/* End PBXSourcesBuildPhase section */

/* Begin PBXVariantGroup section */
		63669C1626554389007483A1 /* Main.storyboard */ = {
			isa = PBXVariantGroup;
			children = (
				63669C1726554389007483A1 /* Base */,
			);
			name = Main.storyboard;
			sourceTree = "<group>";
		};
		63669C1B2655438A007483A1 /* LaunchScreen.storyboard */ = {
			isa = PBXVariantGroup;
			children = (
				63669C1C2655438A007483A1 /* Base */,
			);
			name = LaunchScreen.storyboard;
			sourceTree = "<group>";
		};
/* End PBXVariantGroup section */

/* Begin XCBuildConfiguration section */
		63669C1F2655438A007483A1 /* Debug */ = {
			isa = XCBuildConfiguration;
			buildSettings = {
				ALWAYS_SEARCH_USER_PATHS = NO;
				CLANG_ANALYZER_NONNULL = YES;
				CLANG_ANALYZER_NUMBER_OBJECT_CONVERSION = YES_AGGRESSIVE;
				CLANG_CXX_LANGUAGE_STANDARD = "gnu++14";
				CLANG_CXX_LIBRARY = "libc++";
				CLANG_ENABLE_MODULES = YES;
				CLANG_ENABLE_OBJC_ARC = YES;
				CLANG_ENABLE_OBJC_WEAK = YES;
				CLANG_WARN_BLOCK_CAPTURE_AUTORELEASING = YES;
				CLANG_WARN_BOOL_CONVERSION = YES;
				CLANG_WARN_COMMA = YES;
				CLANG_WARN_CONSTANT_CONVERSION = YES;
				CLANG_WARN_DEPRECATED_OBJC_IMPLEMENTATIONS = YES;
				CLANG_WARN_DIRECT_OBJC_ISA_USAGE = YES_ERROR;
				CLANG_WARN_DOCUMENTATION_COMMENTS = YES;
				CLANG_WARN_EMPTY_BODY = YES;
				CLANG_WARN_ENUM_CONVERSION = YES;
				CLANG_WARN_INFINITE_RECURSION = YES;
				CLANG_WARN_INT_CONVERSION = YES;
				CLANG_WARN_NON_LITERAL_NULL_CONVERSION = YES;
				CLANG_WARN_OBJC_IMPLICIT_RETAIN_SELF = YES;
				CLANG_WARN_OBJC_LITERAL_CONVERSION = YES;
				CLANG_WARN_OBJC_ROOT_CLASS = YES_ERROR;
				CLANG_WARN_QUOTED_INCLUDE_IN_FRAMEWORK_HEADER = YES;
				CLANG_WARN_RANGE_LOOP_ANALYSIS = YES;
				CLANG_WARN_STRICT_PROTOTYPES = YES;
				CLANG_WARN_SUSPICIOUS_MOVE = YES;
				CLANG_WARN_UNGUARDED_AVAILABILITY = YES_AGGRESSIVE;
				CLANG_WARN_UNREACHABLE_CODE = YES;
				CLANG_WARN__DUPLICATE_METHOD_MATCH = YES;
				COPY_PHASE_STRIP = NO;
				DEBUG_INFORMATION_FORMAT = dwarf;
				ENABLE_STRICT_OBJC_MSGSEND = YES;
				ENABLE_TESTABILITY = YES;
				GCC_C_LANGUAGE_STANDARD = gnu11;
				GCC_DYNAMIC_NO_PIC = NO;
				GCC_NO_COMMON_BLOCKS = YES;
				GCC_OPTIMIZATION_LEVEL = 0;
				GCC_PREPROCESSOR_DEFINITIONS = (
					"DEBUG=1",
					"$(inherited)",
				);
				GCC_WARN_64_TO_32_BIT_CONVERSION = YES;
				GCC_WARN_ABOUT_RETURN_TYPE = YES_ERROR;
				GCC_WARN_UNDECLARED_SELECTOR = YES;
				GCC_WARN_UNINITIALIZED_AUTOS = YES_AGGRESSIVE;
				GCC_WARN_UNUSED_FUNCTION = YES;
				GCC_WARN_UNUSED_VARIABLE = YES;
				IPHONEOS_DEPLOYMENT_TARGET = 14.5;
				MTL_ENABLE_DEBUG_INFO = INCLUDE_SOURCE;
				MTL_FAST_MATH = YES;
				ONLY_ACTIVE_ARCH = YES;
				SDKROOT = iphoneos;
				SWIFT_ACTIVE_COMPILATION_CONDITIONS = DEBUG;
				SWIFT_OPTIMIZATION_LEVEL = "-Onone";
			};
			name = Debug;
		};
		63669C202655438A007483A1 /* Release */ = {
			isa = XCBuildConfiguration;
			buildSettings = {
				ALWAYS_SEARCH_USER_PATHS = NO;
				CLANG_ANALYZER_NONNULL = YES;
				CLANG_ANALYZER_NUMBER_OBJECT_CONVERSION = YES_AGGRESSIVE;
				CLANG_CXX_LANGUAGE_STANDARD = "gnu++14";
				CLANG_CXX_LIBRARY = "libc++";
				CLANG_ENABLE_MODULES = YES;
				CLANG_ENABLE_OBJC_ARC = YES;
				CLANG_ENABLE_OBJC_WEAK = YES;
				CLANG_WARN_BLOCK_CAPTURE_AUTORELEASING = YES;
				CLANG_WARN_BOOL_CONVERSION = YES;
				CLANG_WARN_COMMA = YES;
				CLANG_WARN_CONSTANT_CONVERSION = YES;
				CLANG_WARN_DEPRECATED_OBJC_IMPLEMENTATIONS = YES;
				CLANG_WARN_DIRECT_OBJC_ISA_USAGE = YES_ERROR;
				CLANG_WARN_DOCUMENTATION_COMMENTS = YES;
				CLANG_WARN_EMPTY_BODY = YES;
				CLANG_WARN_ENUM_CONVERSION = YES;
				CLANG_WARN_INFINITE_RECURSION = YES;
				CLANG_WARN_INT_CONVERSION = YES;
				CLANG_WARN_NON_LITERAL_NULL_CONVERSION = YES;
				CLANG_WARN_OBJC_IMPLICIT_RETAIN_SELF = YES;
				CLANG_WARN_OBJC_LITERAL_CONVERSION = YES;
				CLANG_WARN_OBJC_ROOT_CLASS = YES_ERROR;
				CLANG_WARN_QUOTED_INCLUDE_IN_FRAMEWORK_HEADER = YES;
				CLANG_WARN_RANGE_LOOP_ANALYSIS = YES;
				CLANG_WARN_STRICT_PROTOTYPES = YES;
				CLANG_WARN_SUSPICIOUS_MOVE = YES;
				CLANG_WARN_UNGUARDED_AVAILABILITY = YES_AGGRESSIVE;
				CLANG_WARN_UNREACHABLE_CODE = YES;
				CLANG_WARN__DUPLICATE_METHOD_MATCH = YES;
				COPY_PHASE_STRIP = NO;
				DEBUG_INFORMATION_FORMAT = "dwarf-with-dsym";
				ENABLE_NS_ASSERTIONS = NO;
				ENABLE_STRICT_OBJC_MSGSEND = YES;
				GCC_C_LANGUAGE_STANDARD = gnu11;
				GCC_NO_COMMON_BLOCKS = YES;
				GCC_WARN_64_TO_32_BIT_CONVERSION = YES;
				GCC_WARN_ABOUT_RETURN_TYPE = YES_ERROR;
				GCC_WARN_UNDECLARED_SELECTOR = YES;
				GCC_WARN_UNINITIALIZED_AUTOS = YES_AGGRESSIVE;
				GCC_WARN_UNUSED_FUNCTION = YES;
				GCC_WARN_UNUSED_VARIABLE = YES;
				IPHONEOS_DEPLOYMENT_TARGET = 14.5;
				MTL_ENABLE_DEBUG_INFO = NO;
				MTL_FAST_MATH = YES;
				SDKROOT = iphoneos;
				SWIFT_COMPILATION_MODE = wholemodule;
				SWIFT_OPTIMIZATION_LEVEL = "-O";
				VALIDATE_PRODUCT = YES;
			};
			name = Release;
		};
		63669C222655438A007483A1 /* Debug */ = {
			isa = XCBuildConfiguration;
			buildSettings = {
				ASSETCATALOG_COMPILER_APPICON_NAME = AppIcon;
				ASSETCATALOG_COMPILER_GLOBAL_ACCENT_COLOR_NAME = AccentColor;
				CODE_SIGN_STYLE = Automatic;
				DEVELOPMENT_TEAM = N2JLK5GH9J;
				INFOPLIST_FILE = AniMekvabidze15/Info.plist;
				IPHONEOS_DEPLOYMENT_TARGET = 13.0;
				LD_RUNPATH_SEARCH_PATHS = (
					"$(inherited)",
					"@executable_path/Frameworks",
				);
				PRODUCT_BUNDLE_IDENTIFIER = com.example.AniMekvabidze15;
				PRODUCT_NAME = "$(TARGET_NAME)";
				SWIFT_VERSION = 5.0;
				TARGETED_DEVICE_FAMILY = "1,2";
			};
			name = Debug;
		};
		63669C232655438A007483A1 /* Release */ = {
			isa = XCBuildConfiguration;
			buildSettings = {
				ASSETCATALOG_COMPILER_APPICON_NAME = AppIcon;
				ASSETCATALOG_COMPILER_GLOBAL_ACCENT_COLOR_NAME = AccentColor;
				CODE_SIGN_STYLE = Automatic;
				DEVELOPMENT_TEAM = N2JLK5GH9J;
				INFOPLIST_FILE = AniMekvabidze15/Info.plist;
				IPHONEOS_DEPLOYMENT_TARGET = 13.0;
				LD_RUNPATH_SEARCH_PATHS = (
					"$(inherited)",
					"@executable_path/Frameworks",
				);
				PRODUCT_BUNDLE_IDENTIFIER = com.example.AniMekvabidze15;
				PRODUCT_NAME = "$(TARGET_NAME)";
				SWIFT_VERSION = 5.0;
				TARGETED_DEVICE_FAMILY = "1,2";
			};
			name = Release;
		};
/* End XCBuildConfiguration section */

/* Begin XCConfigurationList section */
		63669C0826554389007483A1 /* Build configuration list for PBXProject "AniMekvabidze15" */ = {
			isa = XCConfigurationList;
			buildConfigurations = (
				63669C1F2655438A007483A1 /* Debug */,
				63669C202655438A007483A1 /* Release */,
			);
			defaultConfigurationIsVisible = 0;
			defaultConfigurationName = Release;
		};
		63669C212655438A007483A1 /* Build configuration list for PBXNativeTarget "AniMekvabidze15" */ = {
			isa = XCConfigurationList;
			buildConfigurations = (
				63669C222655438A007483A1 /* Debug */,
				63669C232655438A007483A1 /* Release */,
			);
			defaultConfigurationIsVisible = 0;
			defaultConfigurationName = Release;
		};
/* End XCConfigurationList section */
	};
	rootObject = 63669C0526554389007483A1 /* Project object */;
}
